dependencies:
- name: newrelic-infrastructure
  repository: https://newrelic.github.io/nri-kubernetes
  version: 3.3.1
- name: nri-prometheus
  repository: file://../nri-prometheus
  version: 1.14.0
- name: nri-metadata-injection
  repository: file://../nri-metadata-injection
  version: 2.2.1
- name: newrelic-k8s-metrics-adapter
  repository: https://newrelic.github.io/newrelic-k8s-metrics-adapter
  version: 0.7.3
- name: kube-state-metrics
  repository: https://kubernetes.github.io/kube-state-metrics
  version: 2.13.2
- name: nri-kube-events
  repository: file://../nri-kube-events
  version: 1.13.1
- name: newrelic-logging
  repository: file://../newrelic-logging
  version: 1.10.9
- name: newrelic-pixie
  repository: file://../newrelic-pixie
  version: 1.5.1
- name: pixie-operator-chart
  repository: https://pixie-operator-charts.storage.googleapis.com
  version: 0.0.25
- name: newrelic-infra-operator
  repository: file://../newrelic-infra-operator
  version: 0.6.0
digest: sha256:ccc58216a984f48262fe68cf2e79752b9b180172815ede8f2da1bf59500dcd3b
generated: "2022-04-28T18:20:47.36035+02:00"
