dependencies:
- name: newrelic-infrastructure
  repository: https://newrelic.github.io/nri-kubernetes
  version: 3.3.1
- name: nri-prometheus
  repository: file://../nri-prometheus
  version: 1.14.0
- name: nri-metadata-injection
  repository: file://../nri-metadata-injection
  version: 2.2.0
- name: newrelic-k8s-metrics-adapter
  repository: https://newrelic.github.io/newrelic-k8s-metrics-adapter
  version: 0.7.3
- name: kube-state-metrics
  repository: https://kubernetes.github.io/kube-state-metrics
  version: 2.13.2
- name: nri-kube-events
  repository: file://../nri-kube-events
  version: 1.13.0
- name: newrelic-logging
  repository: file://../newrelic-logging
  version: 1.10.9
- name: newrelic-pixie
  repository: file://../newrelic-pixie
  version: 1.5.1
- name: pixie-operator-chart
  repository: https://pixie-operator-charts.storage.googleapis.com
  version: 0.0.25
- name: newrelic-infra-operator
  repository: file://../newrelic-infra-operator
  version: 0.6.0
digest: sha256:058f76c69aab4fea795bf3e5c5484cd4bda4d0a907d31b35a0cf6760b07b82bb
generated: "2022-04-28T15:55:55.268331+02:00"
